// !$*UTF8*$!
{
	archiveVersion = 1;
	classes = {
	};
	objectVersion = 50;
	objects = {

/* Begin PBXBuildFile section */
		CE31757E2746FB130041C85D /* BeerSearchApp.swift in Sources */ = {isa = PBXBuildFile; fileRef = CE31757D2746FB130041C85D /* BeerSearchApp.swift */; };
		CE3175802746FB130041C85D /* BeerSearchListView.swift in Sources */ = {isa = PBXBuildFile; fileRef = CE31757F2746FB130041C85D /* BeerSearchListView.swift */; };
		CE3175822746FB140041C85D /* Assets.xcassets in Resources */ = {isa = PBXBuildFile; fileRef = CE3175812746FB140041C85D /* Assets.xcassets */; };
		CE3175852746FB140041C85D /* Preview Assets.xcassets in Resources */ = {isa = PBXBuildFile; fileRef = CE3175842746FB140041C85D /* Preview Assets.xcassets */; };
		CE3175932746FB290041C85D /* ReduxStoreView.swift in Sources */ = {isa = PBXBuildFile; fileRef = CE31758E2746FB290041C85D /* ReduxStoreView.swift */; };
		CE3175942746FB290041C85D /* ReduxState.swift in Sources */ = {isa = PBXBuildFile; fileRef = CE31758F2746FB290041C85D /* ReduxState.swift */; };
		CE3175952746FB290041C85D /* ReduxReducer.swift in Sources */ = {isa = PBXBuildFile; fileRef = CE3175902746FB290041C85D /* ReduxReducer.swift */; };
		CE3175962746FB290041C85D /* ReduxAction.swift in Sources */ = {isa = PBXBuildFile; fileRef = CE3175912746FB290041C85D /* ReduxAction.swift */; };
		CE3175972746FB290041C85D /* ReduxStore.swift in Sources */ = {isa = PBXBuildFile; fileRef = CE3175922746FB290041C85D /* ReduxStore.swift */; };
		CE3175A2274701BB0041C85D /* BeerSearchState.swift in Sources */ = {isa = PBXBuildFile; fileRef = CE3175A1274701BB0041C85D /* BeerSearchState.swift */; };
		CE3175A62747020A0041C85D /* BeerSearchAction.swift in Sources */ = {isa = PBXBuildFile; fileRef = CE3175A52747020A0041C85D /* BeerSearchAction.swift */; };
		CE3175A9274702230041C85D /* BeerSearchReducer.swift in Sources */ = {isa = PBXBuildFile; fileRef = CE3175A8274702230041C85D /* BeerSearchReducer.swift */; };
		CE3175AC274702E10041C85D /* BeerSearchMiddleware.swift in Sources */ = {isa = PBXBuildFile; fileRef = CE3175AB274702E10041C85D /* BeerSearchMiddleware.swift */; };
		CEC5FA5327471F2F00DC357C /* SearchBar.swift in Sources */ = {isa = PBXBuildFile; fileRef = CEC5FA5227471F2F00DC357C /* SearchBar.swift */; };
		CEC5FA5727471F4F00DC357C /* ImageView.swift in Sources */ = {isa = PBXBuildFile; fileRef = CEC5FA5627471F4F00DC357C /* ImageView.swift */; };
		CEC5FA5C27471FCA00DC357C /* Binding+Utils.swift in Sources */ = {isa = PBXBuildFile; fileRef = CEC5FA5B27471FCA00DC357C /* Binding+Utils.swift */; };
		CEC5FA6027472BA900DC357C /* BeerDeatailView.swift in Sources */ = {isa = PBXBuildFile; fileRef = CEC5FA5F27472BA900DC357C /* BeerDeatailView.swift */; };
/* End PBXBuildFile section */

/* Begin PBXFileReference section */
		CE31757A2746FB130041C85D /* BeerSearch.app */ = {isa = PBXFileReference; explicitFileType = wrapper.application; includeInIndex = 0; path = BeerSearch.app; sourceTree = BUILT_PRODUCTS_DIR; };
		CE31757D2746FB130041C85D /* BeerSearchApp.swift */ = {isa = PBXFileReference; lastKnownFileType = sourcecode.swift; path = BeerSearchApp.swift; sourceTree = "<group>"; };
		CE31757F2746FB130041C85D /* BeerSearchListView.swift */ = {isa = PBXFileReference; lastKnownFileType = sourcecode.swift; path = BeerSearchListView.swift; sourceTree = "<group>"; };
		CE3175812746FB140041C85D /* Assets.xcassets */ = {isa = PBXFileReference; lastKnownFileType = folder.assetcatalog; path = Assets.xcassets; sourceTree = "<group>"; };
		CE3175842746FB140041C85D /* Preview Assets.xcassets */ = {isa = PBXFileReference; lastKnownFileType = folder.assetcatalog; path = "Preview Assets.xcassets"; sourceTree = "<group>"; };
		CE3175862746FB140041C85D /* Info.plist */ = {isa = PBXFileReference; lastKnownFileType = text.plist.xml; path = Info.plist; sourceTree = "<group>"; };
		CE31758E2746FB290041C85D /* ReduxStoreView.swift */ = {isa = PBXFileReference; fileEncoding = 4; lastKnownFileType = sourcecode.swift; path = ReduxStoreView.swift; sourceTree = "<group>"; };
		CE31758F2746FB290041C85D /* ReduxState.swift */ = {isa = PBXFileReference; fileEncoding = 4; lastKnownFileType = sourcecode.swift; path = ReduxState.swift; sourceTree = "<group>"; };
		CE3175902746FB290041C85D /* ReduxReducer.swift */ = {isa = PBXFileReference; fileEncoding = 4; lastKnownFileType = sourcecode.swift; path = ReduxReducer.swift; sourceTree = "<group>"; };
		CE3175912746FB290041C85D /* ReduxAction.swift */ = {isa = PBXFileReference; fileEncoding = 4; lastKnownFileType = sourcecode.swift; path = ReduxAction.swift; sourceTree = "<group>"; };
		CE3175922746FB290041C85D /* ReduxStore.swift */ = {isa = PBXFileReference; fileEncoding = 4; lastKnownFileType = sourcecode.swift; path = ReduxStore.swift; sourceTree = "<group>"; };
		CE3175A1274701BB0041C85D /* BeerSearchState.swift */ = {isa = PBXFileReference; lastKnownFileType = sourcecode.swift; path = BeerSearchState.swift; sourceTree = "<group>"; };
		CE3175A52747020A0041C85D /* BeerSearchAction.swift */ = {isa = PBXFileReference; lastKnownFileType = sourcecode.swift; path = BeerSearchAction.swift; sourceTree = "<group>"; };
		CE3175A8274702230041C85D /* BeerSearchReducer.swift */ = {isa = PBXFileReference; lastKnownFileType = sourcecode.swift; path = BeerSearchReducer.swift; sourceTree = "<group>"; };
		CE3175AB274702E10041C85D /* BeerSearchMiddleware.swift */ = {isa = PBXFileReference; lastKnownFileType = sourcecode.swift; path = BeerSearchMiddleware.swift; sourceTree = "<group>"; };
		CEC5FA5227471F2F00DC357C /* SearchBar.swift */ = {isa = PBXFileReference; lastKnownFileType = sourcecode.swift; path = SearchBar.swift; sourceTree = "<group>"; };
		CEC5FA5627471F4F00DC357C /* ImageView.swift */ = {isa = PBXFileReference; lastKnownFileType = sourcecode.swift; path = ImageView.swift; sourceTree = "<group>"; };
		CEC5FA5B27471FCA00DC357C /* Binding+Utils.swift */ = {isa = PBXFileReference; lastKnownFileType = sourcecode.swift; path = "Binding+Utils.swift"; sourceTree = "<group>"; };
		CEC5FA5F27472BA900DC357C /* BeerDeatailView.swift */ = {isa = PBXFileReference; lastKnownFileType = sourcecode.swift; path = BeerDeatailView.swift; sourceTree = "<group>"; };
/* End PBXFileReference section */

/* Begin PBXFrameworksBuildPhase section */
		CE3175772746FB130041C85D /* Frameworks */ = {
			isa = PBXFrameworksBuildPhase;
			buildActionMask = 2147483647;
			files = (
			);
			runOnlyForDeploymentPostprocessing = 0;
		};
/* End PBXFrameworksBuildPhase section */

/* Begin PBXGroup section */
		CE3175712746FB130041C85D = {
			isa = PBXGroup;
			children = (
				CE31757C2746FB130041C85D /* BeerSearch */,
				CE31757B2746FB130041C85D /* Products */,
			);
			sourceTree = "<group>";
		};
		CE31757B2746FB130041C85D /* Products */ = {
			isa = PBXGroup;
			children = (
				CE31757A2746FB130041C85D /* BeerSearch.app */,
			);
			name = Products;
			sourceTree = "<group>";
		};
		CE31757C2746FB130041C85D /* BeerSearch */ = {
			isa = PBXGroup;
			children = (
				CEC5FA5A27471F9A00DC357C /* Util */,
				CEC5FA5127471F2600DC357C /* UI */,
				CE31758D2746FB290041C85D /* Redux */,
				CE31757D2746FB130041C85D /* BeerSearchApp.swift */,
				CE31759A2747017E0041C85D /* List */,
				CE3175812746FB140041C85D /* Assets.xcassets */,
				CE3175862746FB140041C85D /* Info.plist */,
				CE3175832746FB140041C85D /* Preview Content */,
			);
			path = BeerSearch;
			sourceTree = "<group>";
		};
		CE3175832746FB140041C85D /* Preview Content */ = {
			isa = PBXGroup;
			children = (
				CE3175842746FB140041C85D /* Preview Assets.xcassets */,
			);
			path = "Preview Content";
			sourceTree = "<group>";
		};
		CE31758D2746FB290041C85D /* Redux */ = {
			isa = PBXGroup;
			children = (
				CE31758E2746FB290041C85D /* ReduxStoreView.swift */,
				CE31758F2746FB290041C85D /* ReduxState.swift */,
				CE3175902746FB290041C85D /* ReduxReducer.swift */,
				CE3175912746FB290041C85D /* ReduxAction.swift */,
				CE3175922746FB290041C85D /* ReduxStore.swift */,
			);
			path = Redux;
			sourceTree = "<group>";
		};
		CE31759A2747017E0041C85D /* List */ = {
			isa = PBXGroup;
			children = (
				CE3175A02747019F0041C85D /* Reducer */,
				CE31759F2747019A0041C85D /* Action */,
				CE31759E274701960041C85D /* State */,
				CE31759C2747018F0041C85D /* View */,
			);
			path = List;
			sourceTree = "<group>";
		};
		CE31759C2747018F0041C85D /* View */ = {
			isa = PBXGroup;
			children = (
				CE31757F2746FB130041C85D /* BeerSearchListView.swift */,
				CEC5FA5F27472BA900DC357C /* BeerDeatailView.swift */,
			);
			path = View;
			sourceTree = "<group>";
		};
		CE31759E274701960041C85D /* State */ = {
			isa = PBXGroup;
			children = (
				CE3175A1274701BB0041C85D /* BeerSearchState.swift */,
			);
			path = State;
			sourceTree = "<group>";
		};
		CE31759F2747019A0041C85D /* Action */ = {
			isa = PBXGroup;
			children = (
				CE3175A52747020A0041C85D /* BeerSearchAction.swift */,
				CE3175AB274702E10041C85D /* BeerSearchMiddleware.swift */,
			);
			path = Action;
			sourceTree = "<group>";
		};
		CE3175A02747019F0041C85D /* Reducer */ = {
			isa = PBXGroup;
			children = (
				CE3175A8274702230041C85D /* BeerSearchReducer.swift */,
			);
			path = Reducer;
			sourceTree = "<group>";
		};
		CEC5FA5127471F2600DC357C /* UI */ = {
			isa = PBXGroup;
			children = (
				CEC5FA5227471F2F00DC357C /* SearchBar.swift */,
				CEC5FA5627471F4F00DC357C /* ImageView.swift */,
			);
			path = UI;
			sourceTree = "<group>";
		};
		CEC5FA5A27471F9A00DC357C /* Util */ = {
			isa = PBXGroup;
			children = (
				CEC5FA5B27471FCA00DC357C /* Binding+Utils.swift */,
			);
			path = Util;
			sourceTree = "<group>";
		};
/* End PBXGroup section */

/* Begin PBXNativeTarget section */
		CE3175792746FB130041C85D /* BeerSearch */ = {
			isa = PBXNativeTarget;
			buildConfigurationList = CE3175892746FB140041C85D /* Build configuration list for PBXNativeTarget "BeerSearch" */;
			buildPhases = (
				CE3175762746FB130041C85D /* Sources */,
				CE3175772746FB130041C85D /* Frameworks */,
				CE3175782746FB130041C85D /* Resources */,
			);
			buildRules = (
			);
			dependencies = (
			);
			name = BeerSearch;
			productName = BeerSearch;
			productReference = CE31757A2746FB130041C85D /* BeerSearch.app */;
			productType = "com.apple.product-type.application";
		};
/* End PBXNativeTarget section */

/* Begin PBXProject section */
		CE3175722746FB130041C85D /* Project object */ = {
			isa = PBXProject;
			attributes = {
				LastSwiftUpdateCheck = 1240;
				LastUpgradeCheck = 1240;
				TargetAttributes = {
					CE3175792746FB130041C85D = {
						CreatedOnToolsVersion = 12.4;
					};
				};
			};
			buildConfigurationList = CE3175752746FB130041C85D /* Build configuration list for PBXProject "BeerSearch" */;
			compatibilityVersion = "Xcode 9.3";
			developmentRegion = en;
			hasScannedForEncodings = 0;
			knownRegions = (
				en,
				Base,
			);
			mainGroup = CE3175712746FB130041C85D;
			productRefGroup = CE31757B2746FB130041C85D /* Products */;
			projectDirPath = "";
			projectRoot = "";
			targets = (
				CE3175792746FB130041C85D /* BeerSearch */,
			);
		};
/* End PBXProject section */

/* Begin PBXResourcesBuildPhase section */
		CE3175782746FB130041C85D /* Resources */ = {
			isa = PBXResourcesBuildPhase;
			buildActionMask = 2147483647;
			files = (
				CE3175852746FB140041C85D /* Preview Assets.xcassets in Resources */,
				CE3175822746FB140041C85D /* Assets.xcassets in Resources */,
			);
			runOnlyForDeploymentPostprocessing = 0;
		};
/* End PBXResourcesBuildPhase section */

/* Begin PBXSourcesBuildPhase section */
		CE3175762746FB130041C85D /* Sources */ = {
			isa = PBXSourcesBuildPhase;
			buildActionMask = 2147483647;
			files = (
				CE3175962746FB290041C85D /* ReduxAction.swift in Sources */,
				CE3175942746FB290041C85D /* ReduxState.swift in Sources */,
				CE3175AC274702E10041C85D /* BeerSearchMiddleware.swift in Sources */,
				CEC5FA5C27471FCA00DC357C /* Binding+Utils.swift in Sources */,
				CE3175972746FB290041C85D /* ReduxStore.swift in Sources */,
				CE3175802746FB130041C85D /* BeerSearchListView.swift in Sources */,
				CEC5FA5327471F2F00DC357C /* SearchBar.swift in Sources */,
				CE3175952746FB290041C85D /* ReduxReducer.swift in Sources */,
				CE3175A62747020A0041C85D /* BeerSearchAction.swift in Sources */,
				CEC5FA6027472BA900DC357C /* BeerDeatailView.swift in Sources */,
				CE3175A9274702230041C85D /* BeerSearchReducer.swift in Sources */,
				CE3175A2274701BB0041C85D /* BeerSearchState.swift in Sources */,
				CE31757E2746FB130041C85D /* BeerSearchApp.swift in Sources */,
				CE3175932746FB290041C85D /* ReduxStoreView.swift in Sources */,
				CEC5FA5727471F4F00DC357C /* ImageView.swift in Sources */,
			);
			runOnlyForDeploymentPostprocessing = 0;
		};
/* End PBXSourcesBuildPhase section */

/* Begin XCBuildConfiguration section */
		CE3175872746FB140041C85D /* Debug */ = {
			isa = XCBuildConfiguration;
			buildSettings = {
				ALWAYS_SEARCH_USER_PATHS = NO;
				CLANG_ANALYZER_NONNULL = YES;
				CLANG_ANALYZER_NUMBER_OBJECT_CONVERSION = YES_AGGRESSIVE;
				CLANG_CXX_LANGUAGE_STANDARD = "gnu++14";
				CLANG_CXX_LIBRARY = "libc++";
				CLANG_ENABLE_MODULES = YES;
				CLANG_ENABLE_OBJC_ARC = YES;
				CLANG_ENABLE_OBJC_WEAK = YES;
				CLANG_WARN_BLOCK_CAPTURE_AUTORELEASING = YES;
				CLANG_WARN_BOOL_CONVERSION = YES;
				CLANG_WARN_COMMA = YES;
				CLANG_WARN_CONSTANT_CONVERSION = YES;
				CLANG_WARN_DEPRECATED_OBJC_IMPLEMENTATIONS = YES;
				CLANG_WARN_DIRECT_OBJC_ISA_USAGE = YES_ERROR;
				CLANG_WARN_DOCUMENTATION_COMMENTS = YES;
				CLANG_WARN_EMPTY_BODY = YES;
				CLANG_WARN_ENUM_CONVERSION = YES;
				CLANG_WARN_INFINITE_RECURSION = YES;
				CLANG_WARN_INT_CONVERSION = YES;
				CLANG_WARN_NON_LITERAL_NULL_CONVERSION = YES;
				CLANG_WARN_OBJC_IMPLICIT_RETAIN_SELF = YES;
				CLANG_WARN_OBJC_LITERAL_CONVERSION = YES;
				CLANG_WARN_OBJC_ROOT_CLASS = YES_ERROR;
				CLANG_WARN_QUOTED_INCLUDE_IN_FRAMEWORK_HEADER = YES;
				CLANG_WARN_RANGE_LOOP_ANALYSIS = YES;
				CLANG_WARN_STRICT_PROTOTYPES = YES;
				CLANG_WARN_SUSPICIOUS_MOVE = YES;
				CLANG_WARN_UNGUARDED_AVAILABILITY = YES_AGGRESSIVE;
				CLANG_WARN_UNREACHABLE_CODE = YES;
				CLANG_WARN__DUPLICATE_METHOD_MATCH = YES;
				COPY_PHASE_STRIP = NO;
				DEBUG_INFORMATION_FORMAT = dwarf;
				ENABLE_STRICT_OBJC_MSGSEND = YES;
				ENABLE_TESTABILITY = YES;
				GCC_C_LANGUAGE_STANDARD = gnu11;
				GCC_DYNAMIC_NO_PIC = NO;
				GCC_NO_COMMON_BLOCKS = YES;
				GCC_OPTIMIZATION_LEVEL = 0;
				GCC_PREPROCESSOR_DEFINITIONS = (
					"DEBUG=1",
					"$(inherited)",
				);
				GCC_WARN_64_TO_32_BIT_CONVERSION = YES;
				GCC_WARN_ABOUT_RETURN_TYPE = YES_ERROR;
				GCC_WARN_UNDECLARED_SELECTOR = YES;
				GCC_WARN_UNINITIALIZED_AUTOS = YES_AGGRESSIVE;
				GCC_WARN_UNUSED_FUNCTION = YES;
				GCC_WARN_UNUSED_VARIABLE = YES;
				IPHONEOS_DEPLOYMENT_TARGET = 14.4;
				MTL_ENABLE_DEBUG_INFO = INCLUDE_SOURCE;
				MTL_FAST_MATH = YES;
				ONLY_ACTIVE_ARCH = YES;
				SDKROOT = iphoneos;
				SWIFT_ACTIVE_COMPILATION_CONDITIONS = DEBUG;
				SWIFT_OPTIMIZATION_LEVEL = "-Onone";
			};
			name = Debug;
		};
		CE3175882746FB140041C85D /* Release */ = {
			isa = XCBuildConfiguration;
			buildSettings = {
				ALWAYS_SEARCH_USER_PATHS = NO;
				CLANG_ANALYZER_NONNULL = YES;
				CLANG_ANALYZER_NUMBER_OBJECT_CONVERSION = YES_AGGRESSIVE;
				CLANG_CXX_LANGUAGE_STANDARD = "gnu++14";
				CLANG_CXX_LIBRARY = "libc++";
				CLANG_ENABLE_MODULES = YES;
				CLANG_ENABLE_OBJC_ARC = YES;
				CLANG_ENABLE_OBJC_WEAK = YES;
				CLANG_WARN_BLOCK_CAPTURE_AUTORELEASING = YES;
				CLANG_WARN_BOOL_CONVERSION = YES;
				CLANG_WARN_COMMA = YES;
				CLANG_WARN_CONSTANT_CONVERSION = YES;
				CLANG_WARN_DEPRECATED_OBJC_IMPLEMENTATIONS = YES;
				CLANG_WARN_DIRECT_OBJC_ISA_USAGE = YES_ERROR;
				CLANG_WARN_DOCUMENTATION_COMMENTS = YES;
				CLANG_WARN_EMPTY_BODY = YES;
				CLANG_WARN_ENUM_CONVERSION = YES;
				CLANG_WARN_INFINITE_RECURSION = YES;
				CLANG_WARN_INT_CONVERSION = YES;
				CLANG_WARN_NON_LITERAL_NULL_CONVERSION = YES;
				CLANG_WARN_OBJC_IMPLICIT_RETAIN_SELF = YES;
				CLANG_WARN_OBJC_LITERAL_CONVERSION = YES;
				CLANG_WARN_OBJC_ROOT_CLASS = YES_ERROR;
				CLANG_WARN_QUOTED_INCLUDE_IN_FRAMEWORK_HEADER = YES;
				CLANG_WARN_RANGE_LOOP_ANALYSIS = YES;
				CLANG_WARN_STRICT_PROTOTYPES = YES;
				CLANG_WARN_SUSPICIOUS_MOVE = YES;
				CLANG_WARN_UNGUARDED_AVAILABILITY = YES_AGGRESSIVE;
				CLANG_WARN_UNREACHABLE_CODE = YES;
				CLANG_WARN__DUPLICATE_METHOD_MATCH = YES;
				COPY_PHASE_STRIP = NO;
				DEBUG_INFORMATION_FORMAT = "dwarf-with-dsym";
				ENABLE_NS_ASSERTIONS = NO;
				ENABLE_STRICT_OBJC_MSGSEND = YES;
				GCC_C_LANGUAGE_STANDARD = gnu11;
				GCC_NO_COMMON_BLOCKS = YES;
				GCC_WARN_64_TO_32_BIT_CONVERSION = YES;
				GCC_WARN_ABOUT_RETURN_TYPE = YES_ERROR;
				GCC_WARN_UNDECLARED_SELECTOR = YES;
				GCC_WARN_UNINITIALIZED_AUTOS = YES_AGGRESSIVE;
				GCC_WARN_UNUSED_FUNCTION = YES;
				GCC_WARN_UNUSED_VARIABLE = YES;
				IPHONEOS_DEPLOYMENT_TARGET = 14.4;
				MTL_ENABLE_DEBUG_INFO = NO;
				MTL_FAST_MATH = YES;
				SDKROOT = iphoneos;
				SWIFT_COMPILATION_MODE = wholemodule;
				SWIFT_OPTIMIZATION_LEVEL = "-O";
				VALIDATE_PRODUCT = YES;
			};
			name = Release;
		};
		CE31758A2746FB140041C85D /* Debug */ = {
			isa = XCBuildConfiguration;
			buildSettings = {
				ASSETCATALOG_COMPILER_APPICON_NAME = AppIcon;
				ASSETCATALOG_COMPILER_GLOBAL_ACCENT_COLOR_NAME = AccentColor;
				CODE_SIGN_STYLE = Automatic;
				DEVELOPMENT_ASSET_PATHS = "\"BeerSearch/Preview Content\"";
				ENABLE_PREVIEWS = YES;
				INFOPLIST_FILE = BeerSearch/Info.plist;
				IPHONEOS_DEPLOYMENT_TARGET = 14.0;
				LD_RUNPATH_SEARCH_PATHS = (
					"$(inherited)",
					"@executable_path/Frameworks",
				);
				PRODUCT_BUNDLE_IDENTIFIER = io.roneshender.dev.BeerSearch;
				PRODUCT_NAME = "$(TARGET_NAME)";
				SWIFT_VERSION = 5.0;
				TARGETED_DEVICE_FAMILY = "1,2";
			};
			name = Debug;
		};
		CE31758B2746FB140041C85D /* Release */ = {
			isa = XCBuildConfiguration;
			buildSettings = {
				ASSETCATALOG_COMPILER_APPICON_NAME = AppIcon;
				ASSETCATALOG_COMPILER_GLOBAL_ACCENT_COLOR_NAME = AccentColor;
				CODE_SIGN_STYLE = Automatic;
				DEVELOPMENT_ASSET_PATHS = "\"BeerSearch/Preview Content\"";
				ENABLE_PREVIEWS = YES;
				INFOPLIST_FILE = BeerSearch/Info.plist;
				IPHONEOS_DEPLOYMENT_TARGET = 14.0;
				LD_RUNPATH_SEARCH_PATHS = (
					"$(inherited)",
					"@executable_path/Frameworks",
				);
				PRODUCT_BUNDLE_IDENTIFIER = io.roneshender.dev.BeerSearch;
				PRODUCT_NAME = "$(TARGET_NAME)";
				SWIFT_VERSION = 5.0;
				TARGETED_DEVICE_FAMILY = "1,2";
			};
			name = Release;
		};
/* End XCBuildConfiguration section */

/* Begin XCConfigurationList section */
		CE3175752746FB130041C85D /* Build configuration list for PBXProject "BeerSearch" */ = {
			isa = XCConfigurationList;
			buildConfigurations = (
				CE3175872746FB140041C85D /* Debug */,
				CE3175882746FB140041C85D /* Release */,
			);
			defaultConfigurationIsVisible = 0;
			defaultConfigurationName = Release;
		};
		CE3175892746FB140041C85D /* Build configuration list for PBXNativeTarget "BeerSearch" */ = {
			isa = XCConfigurationList;
			buildConfigurations = (
				CE31758A2746FB140041C85D /* Debug */,
				CE31758B2746FB140041C85D /* Release */,
			);
			defaultConfigurationIsVisible = 0;
			defaultConfigurationName = Release;
		};
/* End XCConfigurationList section */
	};
	rootObject = CE3175722746FB130041C85D /* Project object */;
}
